
Microsoft Visual Studio Solution File, Format Version 12.00
# Visual Studio 2012
Project("{FAE04EC0-301F-11D3-BF4B-00C04F79EFBC}") = "KnockoutJS_Show_and_Tell", "KnockoutJS_Show_and_Tell\KnockoutJS_Show_and_Tell.csproj", "{94C1E6A9-68B7-4574-9311-8C83417D74FA}"
EndProject
Global
	GlobalSection(SolutionConfigurationPlatforms) = preSolution
		Debug|Any CPU = Debug|Any CPU
		Release|Any CPU = Release|Any CPU
	EndGlobalSection
	GlobalSection(ProjectConfigurationPlatforms) = postSolution
		{94C1E6A9-68B7-4574-9311-8C83417D74FA}.Debug|Any CPU.ActiveCfg = Debug|Any CPU
		{94C1E6A9-68B7-4574-9311-8C83417D74FA}.Debug|Any CPU.Build.0 = Debug|Any CPU
		{94C1E6A9-68B7-4574-9311-8C83417D74FA}.Release|Any CPU.ActiveCfg = Release|Any CPU
		{94C1E6A9-68B7-4574-9311-8C83417D74FA}.Release|Any CPU.Build.0 = Release|Any CPU
	EndGlobalSection
	GlobalSection(SolutionProperties) = preSolution
		HideSolutionNode = FALSE
	EndGlobalSection
EndGlobal
