
Microsoft Visual Studio Solution File, Format Version 12.00
# Visual Studio 2012
Project("{FAE04EC0-301F-11D3-BF4B-00C04F79EFBC}") = "KnockoutJS_Show_and_Tell", "KnockoutJS_Show_and_Tell\KnockoutJS_Show_and_Tell.csproj", "{94C1E6A9-68B7-4574-9311-8C83417D74FA}"
EndProject
Project("{FAE04EC0-301F-11D3-BF4B-00C04F79EFBC}") = "DataAccess", "DataAccess\DataAccess.csproj", "{633358C2-925A-4897-B44C-FDA4605143BA}"
EndProject
Project("{FAE04EC0-301F-11D3-BF4B-00C04F79EFBC}") = "DataAccess.Tests", "DataAccess.Tests\DataAccess.Tests.csproj", "{DB052711-B828-40E8-8B2E-26ED6CDAC055}"
EndProject
Global
	GlobalSection(SolutionConfigurationPlatforms) = preSolution
		Debug|Any CPU = Debug|Any CPU
		Release|Any CPU = Release|Any CPU
	EndGlobalSection
	GlobalSection(ProjectConfigurationPlatforms) = postSolution
		{94C1E6A9-68B7-4574-9311-8C83417D74FA}.Debug|Any CPU.ActiveCfg = Debug|Any CPU
		{94C1E6A9-68B7-4574-9311-8C83417D74FA}.Debug|Any CPU.Build.0 = Debug|Any CPU
		{94C1E6A9-68B7-4574-9311-8C83417D74FA}.Release|Any CPU.ActiveCfg = Release|Any CPU
		{94C1E6A9-68B7-4574-9311-8C83417D74FA}.Release|Any CPU.Build.0 = Release|Any CPU
		{633358C2-925A-4897-B44C-FDA4605143BA}.Debug|Any CPU.ActiveCfg = Debug|Any CPU
		{633358C2-925A-4897-B44C-FDA4605143BA}.Debug|Any CPU.Build.0 = Debug|Any CPU
		{633358C2-925A-4897-B44C-FDA4605143BA}.Release|Any CPU.ActiveCfg = Release|Any CPU
		{633358C2-925A-4897-B44C-FDA4605143BA}.Release|Any CPU.Build.0 = Release|Any CPU
		{DB052711-B828-40E8-8B2E-26ED6CDAC055}.Debug|Any CPU.ActiveCfg = Debug|Any CPU
		{DB052711-B828-40E8-8B2E-26ED6CDAC055}.Debug|Any CPU.Build.0 = Debug|Any CPU
		{DB052711-B828-40E8-8B2E-26ED6CDAC055}.Release|Any CPU.ActiveCfg = Release|Any CPU
		{DB052711-B828-40E8-8B2E-26ED6CDAC055}.Release|Any CPU.Build.0 = Release|Any CPU
	EndGlobalSection
	GlobalSection(SolutionProperties) = preSolution
		HideSolutionNode = FALSE
	EndGlobalSection
EndGlobal
